// !$*UTF8*$!
{
	archiveVersion = 1;
	classes = {
	};
	objectVersion = 55;
	objects = {

/* Begin PBXBuildFile section */
		E415B92E27B4334600831D50 /* MapViewController+Function.swift in Sources */ = {isa = PBXBuildFile; fileRef = E415B92D27B4334600831D50 /* MapViewController+Function.swift */; };
		E415B93027B5396600831D50 /* Image+Extension.swift in Sources */ = {isa = PBXBuildFile; fileRef = E415B92F27B5396600831D50 /* Image+Extension.swift */; };
		E415B93327B56BDB00831D50 /* HobbyViewController.swift in Sources */ = {isa = PBXBuildFile; fileRef = E415B93227B56BDB00831D50 /* HobbyViewController.swift */; };
		E415B93527B56D1A00831D50 /* HobbyViewModel.swift in Sources */ = {isa = PBXBuildFile; fileRef = E415B93427B56D1A00831D50 /* HobbyViewModel.swift */; };
		E415B93727B57C5E00831D50 /* HobbyCollectionCell.swift in Sources */ = {isa = PBXBuildFile; fileRef = E415B93627B57C5E00831D50 /* HobbyCollectionCell.swift */; };
		E415B93927B580DD00831D50 /* CollectionViewLeftAlignFlowLayout.swift in Sources */ = {isa = PBXBuildFile; fileRef = E415B93827B580DD00831D50 /* CollectionViewLeftAlignFlowLayout.swift */; };
		E418161527ABA54100CB693A /* SeSacURLNetwork.swift in Sources */ = {isa = PBXBuildFile; fileRef = E418161427ABA54100CB693A /* SeSacURLNetwork.swift */; };
		E418161827ABA58500CB693A /* Alamofire in Frameworks */ = {isa = PBXBuildFile; productRef = E418161727ABA58500CB693A /* Alamofire */; };
		E41ED019279DA56600A2F0CE /* AuthPhoneViewController.swift in Sources */ = {isa = PBXBuildFile; fileRef = E41ED018279DA56600A2F0CE /* AuthPhoneViewController.swift */; };
		E41ED01B279DB78F00A2F0CE /* AuthPhoneMessageViewController.swift in Sources */ = {isa = PBXBuildFile; fileRef = E41ED01A279DB78F00A2F0CE /* AuthPhoneMessageViewController.swift */; };
		E41ED01E279DBA5700A2F0CE /* AuthPhoneViewModel.swift in Sources */ = {isa = PBXBuildFile; fileRef = E41ED01D279DBA5700A2F0CE /* AuthPhoneViewModel.swift */; };
		E41ED023279DD5F200A2F0CE /* FirebaseAnalytics in Frameworks */ = {isa = PBXBuildFile; productRef = E41ED022279DD5F200A2F0CE /* FirebaseAnalytics */; };
		E41ED025279DD5F200A2F0CE /* FirebaseAuth in Frameworks */ = {isa = PBXBuildFile; productRef = E41ED024279DD5F200A2F0CE /* FirebaseAuth */; };
		E41ED027279DD5F200A2F0CE /* FirebaseMessaging in Frameworks */ = {isa = PBXBuildFile; productRef = E41ED026279DD5F200A2F0CE /* FirebaseMessaging */; };
		E41ED02A279DD77B00A2F0CE /* Toast in Frameworks */ = {isa = PBXBuildFile; productRef = E41ED029279DD77B00A2F0CE /* Toast */; };
		E41ED02C279DD8E400A2F0CE /* SeSacURLManager.swift in Sources */ = {isa = PBXBuildFile; fileRef = E41ED02B279DD8E400A2F0CE /* SeSacURLManager.swift */; };
		E41ED02E279DE59C00A2F0CE /* AuthPhoneMessageViewModel.swift in Sources */ = {isa = PBXBuildFile; fileRef = E41ED02D279DE59C00A2F0CE /* AuthPhoneMessageViewModel.swift */; };
		E4335D7A27B2C58100245879 /* SeSacSearchFreindsModel.swift in Sources */ = {isa = PBXBuildFile; fileRef = E4335D7927B2C58100245879 /* SeSacSearchFreindsModel.swift */; };
		E4335D7C27B2CAD400245879 /* MapViewModel.swift in Sources */ = {isa = PBXBuildFile; fileRef = E4335D7B27B2CAD400245879 /* MapViewModel.swift */; };
		E45256AC27AF069C00AF4130 /* Custom+View.swift in Sources */ = {isa = PBXBuildFile; fileRef = E45256AB27AF069C00AF4130 /* Custom+View.swift */; };
		E45256AE27AF175300AF4130 /* MyPageTableViewCell.swift in Sources */ = {isa = PBXBuildFile; fileRef = E45256AD27AF175300AF4130 /* MyPageTableViewCell.swift */; };
		E45256B027AF1A2300AF4130 /* MyPageViewModel.swift in Sources */ = {isa = PBXBuildFile; fileRef = E45256AF27AF1A2300AF4130 /* MyPageViewModel.swift */; };
		E458E333279EFBAF004C68AC /* CreateNicknameViewController.swift in Sources */ = {isa = PBXBuildFile; fileRef = E458E332279EFBAF004C68AC /* CreateNicknameViewController.swift */; };
		E458E335279EFC07004C68AC /* CreateNicknameViewModel.swift in Sources */ = {isa = PBXBuildFile; fileRef = E458E334279EFC07004C68AC /* CreateNicknameViewModel.swift */; };
		E458E338279F0DC2004C68AC /* BirthdayViewController.swift in Sources */ = {isa = PBXBuildFile; fileRef = E458E337279F0DC2004C68AC /* BirthdayViewController.swift */; };
		E458E33A279F0DF8004C68AC /* BirthdayViewModel.swift in Sources */ = {isa = PBXBuildFile; fileRef = E458E339279F0DF8004C68AC /* BirthdayViewModel.swift */; };
		E458E33D279F2016004C68AC /* EmailViewController.swift in Sources */ = {isa = PBXBuildFile; fileRef = E458E33C279F2016004C68AC /* EmailViewController.swift */; };
		E458E33F279F2053004C68AC /* EmailViewModel.swift in Sources */ = {isa = PBXBuildFile; fileRef = E458E33E279F2053004C68AC /* EmailViewModel.swift */; };
		E458E342279F2518004C68AC /* SelectGenderViewController.swift in Sources */ = {isa = PBXBuildFile; fileRef = E458E341279F2518004C68AC /* SelectGenderViewController.swift */; };
		E458E344279F253E004C68AC /* SelectGenderViewModel.swift in Sources */ = {isa = PBXBuildFile; fileRef = E458E343279F253E004C68AC /* SelectGenderViewModel.swift */; };
		E459C3D127AA9E870084FE0C /* MyInfoViewController.swift in Sources */ = {isa = PBXBuildFile; fileRef = E459C3D027AA9E870084FE0C /* MyInfoViewController.swift */; };
		E459C3D727AA9F110084FE0C /* MyInfoViewModel.swift in Sources */ = {isa = PBXBuildFile; fileRef = E459C3D627AA9F110084FE0C /* MyInfoViewModel.swift */; };
		E459C3D927AAB77D0084FE0C /* MyInfoCell.swift in Sources */ = {isa = PBXBuildFile; fileRef = E459C3D827AAB77D0084FE0C /* MyInfoCell.swift */; };
		E459C3DB27AAB8010084FE0C /* ReusableName+Ptotocol.swift in Sources */ = {isa = PBXBuildFile; fileRef = E459C3DA27AAB8010084FE0C /* ReusableName+Ptotocol.swift */; };
		E459D3D027B7A0510075A17C /* Tabman in Frameworks */ = {isa = PBXBuildFile; productRef = E459D3CF27B7A0510075A17C /* Tabman */; };
		E459D3D227B7A0DC0075A17C /* AroundSeSacViewController.swift in Sources */ = {isa = PBXBuildFile; fileRef = E459D3D127B7A0DC0075A17C /* AroundSeSacViewController.swift */; };
		E459D3D427B7A0E80075A17C /* RequestSeSacViewController.swift in Sources */ = {isa = PBXBuildFile; fileRef = E459D3D327B7A0E80075A17C /* RequestSeSacViewController.swift */; };
		E459D3D827B7B41F0075A17C /* SearchFriendsTableCell.swift in Sources */ = {isa = PBXBuildFile; fileRef = E459D3D727B7B41F0075A17C /* SearchFriendsTableCell.swift */; };
		E459D3DD27B7E2E60075A17C /* AroundSeSacViewModel.swift in Sources */ = {isa = PBXBuildFile; fileRef = E459D3DC27B7E2E60075A17C /* AroundSeSacViewModel.swift */; };
		E459D3DF27B7E2FD0075A17C /* RequestSeSacViewModel.swift in Sources */ = {isa = PBXBuildFile; fileRef = E459D3DE27B7E2FD0075A17C /* RequestSeSacViewModel.swift */; };
		E459D3E227B7E4200075A17C /* ReviewViewController.swift in Sources */ = {isa = PBXBuildFile; fileRef = E459D3E127B7E4200075A17C /* ReviewViewController.swift */; };
		E459D3E427B7E5420075A17C /* TableBackgroundView.swift in Sources */ = {isa = PBXBuildFile; fileRef = E459D3E327B7E5420075A17C /* TableBackgroundView.swift */; };
		E459D3E627B82F5E0075A17C /* ReviewTableCell.swift in Sources */ = {isa = PBXBuildFile; fileRef = E459D3E527B82F5E0075A17C /* ReviewTableCell.swift */; };
		E461BFEF27AFFEFF00840173 /* MultiSlider in Frameworks */ = {isa = PBXBuildFile; productRef = E461BFEE27AFFEFF00840173 /* MultiSlider */; };
		E46AF40227A3A780009F381C /* ViewModel+Protocol.swift in Sources */ = {isa = PBXBuildFile; fileRef = E46AF40127A3A780009F381C /* ViewModel+Protocol.swift */; };
		E46AF40927A84C47009F381C /* UserDefaultsManager.swift in Sources */ = {isa = PBXBuildFile; fileRef = E46AF40827A84C47009F381C /* UserDefaultsManager.swift */; };
		E47AB08B2799D28F001A50A1 /* AuthBaseViewController.swift in Sources */ = {isa = PBXBuildFile; fileRef = E47AB08A2799D28F001A50A1 /* AuthBaseViewController.swift */; };
		E49CE6FA27B645B5005F65AB /* HobbyCollectionViewHeader.swift in Sources */ = {isa = PBXBuildFile; fileRef = E49CE6F927B645B5005F65AB /* HobbyCollectionViewHeader.swift */; };
		E49CE6FD27B67782005F65AB /* HobbyViewController+Collection+Extension.swift in Sources */ = {isa = PBXBuildFile; fileRef = E49CE6FC27B67782005F65AB /* HobbyViewController+Collection+Extension.swift */; };
		E49CE70127B67B69005F65AB /* RxKeyboard in Frameworks */ = {isa = PBXBuildFile; productRef = E49CE70027B67B69005F65AB /* RxKeyboard */; };
		E49CE70427B6BFB7005F65AB /* SearchFriendsViewController.swift in Sources */ = {isa = PBXBuildFile; fileRef = E49CE70327B6BFB7005F65AB /* SearchFriendsViewController.swift */; };
		E4ABC3C5279FD3C600CE3A99 /* MyPageViewController.swift in Sources */ = {isa = PBXBuildFile; fileRef = E4ABC3C4279FD3C600CE3A99 /* MyPageViewController.swift */; };
		E4ABC3C727A02AAC00CE3A99 /* AuthError.swift in Sources */ = {isa = PBXBuildFile; fileRef = E4ABC3C627A02AAC00CE3A99 /* AuthError.swift */; };
		E4AF001627B0EF1100D8572C /* Custom+Alert.swift in Sources */ = {isa = PBXBuildFile; fileRef = E4AF001527B0EF1100D8572C /* Custom+Alert.swift */; };
		E4AF001927B1787D00D8572C /* CheckDataModel.swift in Sources */ = {isa = PBXBuildFile; fileRef = E4AF001827B1787D00D8572C /* CheckDataModel.swift */; };
		E4AF001C27B1859400D8572C /* IQKeyboardManagerSwift in Frameworks */ = {isa = PBXBuildFile; productRef = E4AF001B27B1859400D8572C /* IQKeyboardManagerSwift */; };
		E4AF001E27B23E0000D8572C /* BaseTabBarViewController.swift in Sources */ = {isa = PBXBuildFile; fileRef = E4AF001D27B23E0000D8572C /* BaseTabBarViewController.swift */; };
		E4AF002227B2723200D8572C /* MapViewController.swift in Sources */ = {isa = PBXBuildFile; fileRef = E4AF002127B2723200D8572C /* MapViewController.swift */; };
		E4AF002427B2727400D8572C /* ShopViewController.swift in Sources */ = {isa = PBXBuildFile; fileRef = E4AF002327B2727400D8572C /* ShopViewController.swift */; };
		E4B986AE27AC3286007C824B /* SeSacLoginModel.swift in Sources */ = {isa = PBXBuildFile; fileRef = E4B986AD27AC3286007C824B /* SeSacLoginModel.swift */; };
		E4B986B027AC6811007C824B /* MyInfoHeaderView.swift in Sources */ = {isa = PBXBuildFile; fileRef = E4B986AF27AC6811007C824B /* MyInfoHeaderView.swift */; };
		E4B986B327AEEDBA007C824B /* Button+Collection+(3x2).swift in Sources */ = {isa = PBXBuildFile; fileRef = E4B986B227AEEDBA007C824B /* Button+Collection+(3x2).swift */; };
		E4C31E9127967B2800ACE886 /* AppDelegate.swift in Sources */ = {isa = PBXBuildFile; fileRef = E4C31E9027967B2800ACE886 /* AppDelegate.swift */; };
		E4C31E9327967B2800ACE886 /* SceneDelegate.swift in Sources */ = {isa = PBXBuildFile; fileRef = E4C31E9227967B2800ACE886 /* SceneDelegate.swift */; };
		E4C31E9527967B2800ACE886 /* ViewController.swift in Sources */ = {isa = PBXBuildFile; fileRef = E4C31E9427967B2800ACE886 /* ViewController.swift */; };
		E4C31E9A27967B2900ACE886 /* Assets.xcassets in Resources */ = {isa = PBXBuildFile; fileRef = E4C31E9927967B2900ACE886 /* Assets.xcassets */; };
		E4C31E9D27967B2900ACE886 /* LaunchScreen.storyboard in Resources */ = {isa = PBXBuildFile; fileRef = E4C31E9B27967B2900ACE886 /* LaunchScreen.storyboard */; };
		E4C31EA527968B7600ACE886 /* UIFont+Extension.swift in Sources */ = {isa = PBXBuildFile; fileRef = E4C31EA427968B7600ACE886 /* UIFont+Extension.swift */; };
		E4C31EA92796CD8D00ACE886 /* BaseViewController.swift in Sources */ = {isa = PBXBuildFile; fileRef = E4C31EA82796CD8D00ACE886 /* BaseViewController.swift */; };
		E4C31EAC2796D42700ACE886 /* Then in Frameworks */ = {isa = PBXBuildFile; productRef = E4C31EAB2796D42700ACE886 /* Then */; };
		E4C31EB22796D44B00ACE886 /* RxCocoa in Frameworks */ = {isa = PBXBuildFile; productRef = E4C31EB12796D44B00ACE886 /* RxCocoa */; };
		E4C31EB42796D44B00ACE886 /* RxSwift in Frameworks */ = {isa = PBXBuildFile; productRef = E4C31EB32796D44B00ACE886 /* RxSwift */; };
		E4C31EB82796D60A00ACE886 /* Custom+InputText.swift in Sources */ = {isa = PBXBuildFile; fileRef = E4C31EB72796D60A00ACE886 /* Custom+InputText.swift */; };
		E4C31EBA2797B33A00ACE886 /* GoogleService-Info.plist in Resources */ = {isa = PBXBuildFile; fileRef = E4C31EB92797B33A00ACE886 /* GoogleService-Info.plist */; };
		E4C31EBC2797B76500ACE886 /* UIColor+Extension.swift in Sources */ = {isa = PBXBuildFile; fileRef = E4C31EBB2797B76500ACE886 /* UIColor+Extension.swift */; };
		E4C31EBE2797C27C00ACE886 /* Custom+UIButton+Rx.swift in Sources */ = {isa = PBXBuildFile; fileRef = E4C31EBD2797C27C00ACE886 /* Custom+UIButton+Rx.swift */; };
		E4C31EC02798610E00ACE886 /* Custom+textArea.swift in Sources */ = {isa = PBXBuildFile; fileRef = E4C31EBF2798610E00ACE886 /* Custom+textArea.swift */; };
		E4F2135A27B30655004FE47D /* SnapKit in Frameworks */ = {isa = PBXBuildFile; productRef = E4F2135927B30655004FE47D /* SnapKit */; };
/* End PBXBuildFile section */

/* Begin PBXFileReference section */
		28CD9C90B15321C9F6115728 /* Pods-Service_Level_Project.release.xcconfig */ = {isa = PBXFileReference; includeInIndex = 1; lastKnownFileType = text.xcconfig; name = "Pods-Service_Level_Project.release.xcconfig"; path = "Target Support Files/Pods-Service_Level_Project/Pods-Service_Level_Project.release.xcconfig"; sourceTree = "<group>"; };
		56D43E2BE139B0F66CB58993 /* Pods-Service_Level_Project.debug.xcconfig */ = {isa = PBXFileReference; includeInIndex = 1; lastKnownFileType = text.xcconfig; name = "Pods-Service_Level_Project.debug.xcconfig"; path = "Target Support Files/Pods-Service_Level_Project/Pods-Service_Level_Project.debug.xcconfig"; sourceTree = "<group>"; };
		E415B92D27B4334600831D50 /* MapViewController+Function.swift */ = {isa = PBXFileReference; lastKnownFileType = sourcecode.swift; path = "MapViewController+Function.swift"; sourceTree = "<group>"; };
		E415B92F27B5396600831D50 /* Image+Extension.swift */ = {isa = PBXFileReference; lastKnownFileType = sourcecode.swift; path = "Image+Extension.swift"; sourceTree = "<group>"; };
		E415B93227B56BDB00831D50 /* HobbyViewController.swift */ = {isa = PBXFileReference; lastKnownFileType = sourcecode.swift; path = HobbyViewController.swift; sourceTree = "<group>"; };
		E415B93427B56D1A00831D50 /* HobbyViewModel.swift */ = {isa = PBXFileReference; lastKnownFileType = sourcecode.swift; path = HobbyViewModel.swift; sourceTree = "<group>"; };
		E415B93627B57C5E00831D50 /* HobbyCollectionCell.swift */ = {isa = PBXFileReference; lastKnownFileType = sourcecode.swift; path = HobbyCollectionCell.swift; sourceTree = "<group>"; };
		E415B93827B580DD00831D50 /* CollectionViewLeftAlignFlowLayout.swift */ = {isa = PBXFileReference; lastKnownFileType = sourcecode.swift; path = CollectionViewLeftAlignFlowLayout.swift; sourceTree = "<group>"; };
		E418161427ABA54100CB693A /* SeSacURLNetwork.swift */ = {isa = PBXFileReference; lastKnownFileType = sourcecode.swift; path = SeSacURLNetwork.swift; sourceTree = "<group>"; };
		E41ED018279DA56600A2F0CE /* AuthPhoneViewController.swift */ = {isa = PBXFileReference; lastKnownFileType = sourcecode.swift; path = AuthPhoneViewController.swift; sourceTree = "<group>"; };
		E41ED01A279DB78F00A2F0CE /* AuthPhoneMessageViewController.swift */ = {isa = PBXFileReference; lastKnownFileType = sourcecode.swift; path = AuthPhoneMessageViewController.swift; sourceTree = "<group>"; };
		E41ED01D279DBA5700A2F0CE /* AuthPhoneViewModel.swift */ = {isa = PBXFileReference; lastKnownFileType = sourcecode.swift; path = AuthPhoneViewModel.swift; sourceTree = "<group>"; };
		E41ED02B279DD8E400A2F0CE /* SeSacURLManager.swift */ = {isa = PBXFileReference; lastKnownFileType = sourcecode.swift; path = SeSacURLManager.swift; sourceTree = "<group>"; };
		E41ED02D279DE59C00A2F0CE /* AuthPhoneMessageViewModel.swift */ = {isa = PBXFileReference; lastKnownFileType = sourcecode.swift; path = AuthPhoneMessageViewModel.swift; sourceTree = "<group>"; };
		E4335D7927B2C58100245879 /* SeSacSearchFreindsModel.swift */ = {isa = PBXFileReference; lastKnownFileType = sourcecode.swift; path = SeSacSearchFreindsModel.swift; sourceTree = "<group>"; };
		E4335D7B27B2CAD400245879 /* MapViewModel.swift */ = {isa = PBXFileReference; lastKnownFileType = sourcecode.swift; path = MapViewModel.swift; sourceTree = "<group>"; };
		E45256AB27AF069C00AF4130 /* Custom+View.swift */ = {isa = PBXFileReference; lastKnownFileType = sourcecode.swift; path = "Custom+View.swift"; sourceTree = "<group>"; };
		E45256AD27AF175300AF4130 /* MyPageTableViewCell.swift */ = {isa = PBXFileReference; lastKnownFileType = sourcecode.swift; path = MyPageTableViewCell.swift; sourceTree = "<group>"; };
		E45256AF27AF1A2300AF4130 /* MyPageViewModel.swift */ = {isa = PBXFileReference; lastKnownFileType = sourcecode.swift; path = MyPageViewModel.swift; sourceTree = "<group>"; };
		E458E332279EFBAF004C68AC /* CreateNicknameViewController.swift */ = {isa = PBXFileReference; lastKnownFileType = sourcecode.swift; path = CreateNicknameViewController.swift; sourceTree = "<group>"; };
		E458E334279EFC07004C68AC /* CreateNicknameViewModel.swift */ = {isa = PBXFileReference; lastKnownFileType = sourcecode.swift; path = CreateNicknameViewModel.swift; sourceTree = "<group>"; };
		E458E337279F0DC2004C68AC /* BirthdayViewController.swift */ = {isa = PBXFileReference; lastKnownFileType = sourcecode.swift; path = BirthdayViewController.swift; sourceTree = "<group>"; };
		E458E339279F0DF8004C68AC /* BirthdayViewModel.swift */ = {isa = PBXFileReference; lastKnownFileType = sourcecode.swift; path = BirthdayViewModel.swift; sourceTree = "<group>"; };
		E458E33C279F2016004C68AC /* EmailViewController.swift */ = {isa = PBXFileReference; lastKnownFileType = sourcecode.swift; path = EmailViewController.swift; sourceTree = "<group>"; };
		E458E33E279F2053004C68AC /* EmailViewModel.swift */ = {isa = PBXFileReference; lastKnownFileType = sourcecode.swift; path = EmailViewModel.swift; sourceTree = "<group>"; };
		E458E341279F2518004C68AC /* SelectGenderViewController.swift */ = {isa = PBXFileReference; lastKnownFileType = sourcecode.swift; path = SelectGenderViewController.swift; sourceTree = "<group>"; };
		E458E343279F253E004C68AC /* SelectGenderViewModel.swift */ = {isa = PBXFileReference; lastKnownFileType = sourcecode.swift; path = SelectGenderViewModel.swift; sourceTree = "<group>"; };
		E459C3D027AA9E870084FE0C /* MyInfoViewController.swift */ = {isa = PBXFileReference; lastKnownFileType = sourcecode.swift; path = MyInfoViewController.swift; sourceTree = "<group>"; };
		E459C3D627AA9F110084FE0C /* MyInfoViewModel.swift */ = {isa = PBXFileReference; lastKnownFileType = sourcecode.swift; path = MyInfoViewModel.swift; sourceTree = "<group>"; };
		E459C3D827AAB77D0084FE0C /* MyInfoCell.swift */ = {isa = PBXFileReference; lastKnownFileType = sourcecode.swift; path = MyInfoCell.swift; sourceTree = "<group>"; };
		E459C3DA27AAB8010084FE0C /* ReusableName+Ptotocol.swift */ = {isa = PBXFileReference; lastKnownFileType = sourcecode.swift; path = "ReusableName+Ptotocol.swift"; sourceTree = "<group>"; };
		E459D3D127B7A0DC0075A17C /* AroundSeSacViewController.swift */ = {isa = PBXFileReference; lastKnownFileType = sourcecode.swift; path = AroundSeSacViewController.swift; sourceTree = "<group>"; };
		E459D3D327B7A0E80075A17C /* RequestSeSacViewController.swift */ = {isa = PBXFileReference; lastKnownFileType = sourcecode.swift; path = RequestSeSacViewController.swift; sourceTree = "<group>"; };
		E459D3D727B7B41F0075A17C /* SearchFriendsTableCell.swift */ = {isa = PBXFileReference; lastKnownFileType = sourcecode.swift; path = SearchFriendsTableCell.swift; sourceTree = "<group>"; };
		E459D3DC27B7E2E60075A17C /* AroundSeSacViewModel.swift */ = {isa = PBXFileReference; lastKnownFileType = sourcecode.swift; path = AroundSeSacViewModel.swift; sourceTree = "<group>"; };
		E459D3DE27B7E2FD0075A17C /* RequestSeSacViewModel.swift */ = {isa = PBXFileReference; lastKnownFileType = sourcecode.swift; path = RequestSeSacViewModel.swift; sourceTree = "<group>"; };
		E459D3E127B7E4200075A17C /* ReviewViewController.swift */ = {isa = PBXFileReference; lastKnownFileType = sourcecode.swift; path = ReviewViewController.swift; sourceTree = "<group>"; };
		E459D3E327B7E5420075A17C /* TableBackgroundView.swift */ = {isa = PBXFileReference; lastKnownFileType = sourcecode.swift; path = TableBackgroundView.swift; sourceTree = "<group>"; };
		E459D3E527B82F5E0075A17C /* ReviewTableCell.swift */ = {isa = PBXFileReference; lastKnownFileType = sourcecode.swift; path = ReviewTableCell.swift; sourceTree = "<group>"; };
		E46AF40127A3A780009F381C /* ViewModel+Protocol.swift */ = {isa = PBXFileReference; lastKnownFileType = sourcecode.swift; path = "ViewModel+Protocol.swift"; sourceTree = "<group>"; };
		E46AF40827A84C47009F381C /* UserDefaultsManager.swift */ = {isa = PBXFileReference; lastKnownFileType = sourcecode.swift; path = UserDefaultsManager.swift; sourceTree = "<group>"; };
		E47AB08A2799D28F001A50A1 /* AuthBaseViewController.swift */ = {isa = PBXFileReference; lastKnownFileType = sourcecode.swift; path = AuthBaseViewController.swift; sourceTree = "<group>"; };
		E49CE6F927B645B5005F65AB /* HobbyCollectionViewHeader.swift */ = {isa = PBXFileReference; lastKnownFileType = sourcecode.swift; path = HobbyCollectionViewHeader.swift; sourceTree = "<group>"; };
		E49CE6FC27B67782005F65AB /* HobbyViewController+Collection+Extension.swift */ = {isa = PBXFileReference; lastKnownFileType = sourcecode.swift; path = "HobbyViewController+Collection+Extension.swift"; sourceTree = "<group>"; };
		E49CE70327B6BFB7005F65AB /* SearchFriendsViewController.swift */ = {isa = PBXFileReference; lastKnownFileType = sourcecode.swift; path = SearchFriendsViewController.swift; sourceTree = "<group>"; };
		E4ABC3C4279FD3C600CE3A99 /* MyPageViewController.swift */ = {isa = PBXFileReference; lastKnownFileType = sourcecode.swift; path = MyPageViewController.swift; sourceTree = "<group>"; };
		E4ABC3C627A02AAC00CE3A99 /* AuthError.swift */ = {isa = PBXFileReference; lastKnownFileType = sourcecode.swift; path = AuthError.swift; sourceTree = "<group>"; };
		E4ABC3C827A0791100CE3A99 /* Service_Level_ProjectRelease.entitlements */ = {isa = PBXFileReference; lastKnownFileType = text.plist.entitlements; path = Service_Level_ProjectRelease.entitlements; sourceTree = "<group>"; };
		E4ABC3C927A0791800CE3A99 /* Service_Level_ProjectDebug.entitlements */ = {isa = PBXFileReference; lastKnownFileType = text.plist.entitlements; path = Service_Level_ProjectDebug.entitlements; sourceTree = "<group>"; };
		E4AF001527B0EF1100D8572C /* Custom+Alert.swift */ = {isa = PBXFileReference; lastKnownFileType = sourcecode.swift; path = "Custom+Alert.swift"; sourceTree = "<group>"; };
		E4AF001827B1787D00D8572C /* CheckDataModel.swift */ = {isa = PBXFileReference; lastKnownFileType = sourcecode.swift; path = CheckDataModel.swift; sourceTree = "<group>"; };
		E4AF001D27B23E0000D8572C /* BaseTabBarViewController.swift */ = {isa = PBXFileReference; lastKnownFileType = sourcecode.swift; path = BaseTabBarViewController.swift; sourceTree = "<group>"; };
		E4AF002127B2723200D8572C /* MapViewController.swift */ = {isa = PBXFileReference; lastKnownFileType = sourcecode.swift; path = MapViewController.swift; sourceTree = "<group>"; };
		E4AF002327B2727400D8572C /* ShopViewController.swift */ = {isa = PBXFileReference; lastKnownFileType = sourcecode.swift; path = ShopViewController.swift; sourceTree = "<group>"; };
		E4B986AD27AC3286007C824B /* SeSacLoginModel.swift */ = {isa = PBXFileReference; lastKnownFileType = sourcecode.swift; path = SeSacLoginModel.swift; sourceTree = "<group>"; };
		E4B986AF27AC6811007C824B /* MyInfoHeaderView.swift */ = {isa = PBXFileReference; lastKnownFileType = sourcecode.swift; path = MyInfoHeaderView.swift; sourceTree = "<group>"; };
		E4B986B227AEEDBA007C824B /* Button+Collection+(3x2).swift */ = {isa = PBXFileReference; lastKnownFileType = sourcecode.swift; path = "Button+Collection+(3x2).swift"; sourceTree = "<group>"; };
		E4C31E8D27967B2800ACE886 /* Service_Level_Project.app */ = {isa = PBXFileReference; explicitFileType = wrapper.application; includeInIndex = 0; path = Service_Level_Project.app; sourceTree = BUILT_PRODUCTS_DIR; };
		E4C31E9027967B2800ACE886 /* AppDelegate.swift */ = {isa = PBXFileReference; lastKnownFileType = sourcecode.swift; path = AppDelegate.swift; sourceTree = "<group>"; };
		E4C31E9227967B2800ACE886 /* SceneDelegate.swift */ = {isa = PBXFileReference; lastKnownFileType = sourcecode.swift; path = SceneDelegate.swift; sourceTree = "<group>"; };
		E4C31E9427967B2800ACE886 /* ViewController.swift */ = {isa = PBXFileReference; lastKnownFileType = sourcecode.swift; path = ViewController.swift; sourceTree = "<group>"; };
		E4C31E9927967B2900ACE886 /* Assets.xcassets */ = {isa = PBXFileReference; lastKnownFileType = folder.assetcatalog; path = Assets.xcassets; sourceTree = "<group>"; };
		E4C31E9C27967B2900ACE886 /* Base */ = {isa = PBXFileReference; lastKnownFileType = file.storyboard; name = Base; path = Base.lproj/LaunchScreen.storyboard; sourceTree = "<group>"; };
		E4C31E9E27967B2900ACE886 /* Info.plist */ = {isa = PBXFileReference; lastKnownFileType = text.plist.xml; path = Info.plist; sourceTree = "<group>"; };
		E4C31EA427968B7600ACE886 /* UIFont+Extension.swift */ = {isa = PBXFileReference; lastKnownFileType = sourcecode.swift; path = "UIFont+Extension.swift"; sourceTree = "<group>"; };
		E4C31EA82796CD8D00ACE886 /* BaseViewController.swift */ = {isa = PBXFileReference; lastKnownFileType = sourcecode.swift; path = BaseViewController.swift; sourceTree = "<group>"; };
		E4C31EB72796D60A00ACE886 /* Custom+InputText.swift */ = {isa = PBXFileReference; lastKnownFileType = sourcecode.swift; path = "Custom+InputText.swift"; sourceTree = "<group>"; };
		E4C31EB92797B33A00ACE886 /* GoogleService-Info.plist */ = {isa = PBXFileReference; fileEncoding = 4; lastKnownFileType = text.plist.xml; path = "GoogleService-Info.plist"; sourceTree = "<group>"; };
		E4C31EBB2797B76500ACE886 /* UIColor+Extension.swift */ = {isa = PBXFileReference; lastKnownFileType = sourcecode.swift; path = "UIColor+Extension.swift"; sourceTree = "<group>"; };
		E4C31EBD2797C27C00ACE886 /* Custom+UIButton+Rx.swift */ = {isa = PBXFileReference; lastKnownFileType = sourcecode.swift; path = "Custom+UIButton+Rx.swift"; sourceTree = "<group>"; };
		E4C31EBF2798610E00ACE886 /* Custom+textArea.swift */ = {isa = PBXFileReference; lastKnownFileType = sourcecode.swift; path = "Custom+textArea.swift"; sourceTree = "<group>"; };
/* End PBXFileReference section */

/* Begin PBXFrameworksBuildPhase section */
		E4C31E8A27967B2800ACE886 /* Frameworks */ = {
			isa = PBXFrameworksBuildPhase;
			buildActionMask = 2147483647;
			files = (
				E459D3D027B7A0510075A17C /* Tabman in Frameworks */,
				E418161827ABA58500CB693A /* Alamofire in Frameworks */,
				E49CE70127B67B69005F65AB /* RxKeyboard in Frameworks */,
				E41ED02A279DD77B00A2F0CE /* Toast in Frameworks */,
				E4C31EB22796D44B00ACE886 /* RxCocoa in Frameworks */,
				E41ED025279DD5F200A2F0CE /* FirebaseAuth in Frameworks */,
				E41ED027279DD5F200A2F0CE /* FirebaseMessaging in Frameworks */,
				E4C31EAC2796D42700ACE886 /* Then in Frameworks */,
				E4C31EB42796D44B00ACE886 /* RxSwift in Frameworks */,
				E41ED023279DD5F200A2F0CE /* FirebaseAnalytics in Frameworks */,
				E4AF001C27B1859400D8572C /* IQKeyboardManagerSwift in Frameworks */,
				E4F2135A27B30655004FE47D /* SnapKit in Frameworks */,
				E461BFEF27AFFEFF00840173 /* MultiSlider in Frameworks */,
			);
			runOnlyForDeploymentPostprocessing = 0;
		};
/* End PBXFrameworksBuildPhase section */

/* Begin PBXGroup section */
		93368FBEEACBD86DF8D90FD3 /* Pods */ = {
			isa = PBXGroup;
			children = (
				56D43E2BE139B0F66CB58993 /* Pods-Service_Level_Project.debug.xcconfig */,
				28CD9C90B15321C9F6115728 /* Pods-Service_Level_Project.release.xcconfig */,
			);
			path = Pods;
			sourceTree = "<group>";
		};
		B0FF2160C033CF4B52B11369 /* Frameworks */ = {
			isa = PBXGroup;
			children = (
			);
			name = Frameworks;
			sourceTree = "<group>";
		};
		E415B93127B56B0300831D50 /* Hobby */ = {
			isa = PBXGroup;
			children = (
				E415B93227B56BDB00831D50 /* HobbyViewController.swift */,
				E415B93427B56D1A00831D50 /* HobbyViewModel.swift */,
				E49CE6FE27B677B4005F65AB /* Collection */,
				E49CE6FB27B6776A005F65AB /* Extension */,
			);
			path = Hobby;
			sourceTree = "<group>";
		};
		E418161327ABA50000CB693A /* Network */ = {
			isa = PBXGroup;
			children = (
				E41ED02B279DD8E400A2F0CE /* SeSacURLManager.swift */,
				E418161427ABA54100CB693A /* SeSacURLNetwork.swift */,
			);
			path = Network;
			sourceTree = "<group>";
		};
		E41ED01C279DB7A000A2F0CE /* Auth */ = {
			isa = PBXGroup;
			children = (
				E47AB08A2799D28F001A50A1 /* AuthBaseViewController.swift */,
				E4ABC3C627A02AAC00CE3A99 /* AuthError.swift */,
				E41ED01F279DBA5B00A2F0CE /* PhoneNumber */,
				E41ED020279DBA6E00A2F0CE /* ValidNumber */,
				E458E331279EFB3E004C68AC /* Nickname */,
				E458E336279F0D7C004C68AC /* Birthday */,
				E458E33B279F1FED004C68AC /* Email */,
				E458E340279F24B9004C68AC /* Gender */,
			);
			path = Auth;
			sourceTree = "<group>";
		};
		E41ED01F279DBA5B00A2F0CE /* PhoneNumber */ = {
			isa = PBXGroup;
			children = (
				E41ED018279DA56600A2F0CE /* AuthPhoneViewController.swift */,
				E41ED01D279DBA5700A2F0CE /* AuthPhoneViewModel.swift */,
			);
			path = PhoneNumber;
			sourceTree = "<group>";
		};
		E41ED020279DBA6E00A2F0CE /* ValidNumber */ = {
			isa = PBXGroup;
			children = (
				E41ED01A279DB78F00A2F0CE /* AuthPhoneMessageViewController.swift */,
				E41ED02D279DE59C00A2F0CE /* AuthPhoneMessageViewModel.swift */,
			);
			path = ValidNumber;
			sourceTree = "<group>";
		};
		E45256AA27AF068400AF4130 /* View */ = {
			isa = PBXGroup;
			children = (
				E45256AB27AF069C00AF4130 /* Custom+View.swift */,
			);
			path = View;
			sourceTree = "<group>";
		};
		E458E331279EFB3E004C68AC /* Nickname */ = {
			isa = PBXGroup;
			children = (
				E458E332279EFBAF004C68AC /* CreateNicknameViewController.swift */,
				E458E334279EFC07004C68AC /* CreateNicknameViewModel.swift */,
			);
			path = Nickname;
			sourceTree = "<group>";
		};
		E458E336279F0D7C004C68AC /* Birthday */ = {
			isa = PBXGroup;
			children = (
				E458E337279F0DC2004C68AC /* BirthdayViewController.swift */,
				E458E339279F0DF8004C68AC /* BirthdayViewModel.swift */,
			);
			path = Birthday;
			sourceTree = "<group>";
		};
		E458E33B279F1FED004C68AC /* Email */ = {
			isa = PBXGroup;
			children = (
				E458E33C279F2016004C68AC /* EmailViewController.swift */,
				E458E33E279F2053004C68AC /* EmailViewModel.swift */,
			);
			path = Email;
			sourceTree = "<group>";
		};
		E458E340279F24B9004C68AC /* Gender */ = {
			isa = PBXGroup;
			children = (
				E458E341279F2518004C68AC /* SelectGenderViewController.swift */,
				E458E343279F253E004C68AC /* SelectGenderViewModel.swift */,
			);
			path = Gender;
			sourceTree = "<group>";
		};
		E459C3D227AA9E8B0084FE0C /* MyInfo */ = {
			isa = PBXGroup;
			children = (
				E459C3D027AA9E870084FE0C /* MyInfoViewController.swift */,
				E459C3D627AA9F110084FE0C /* MyInfoViewModel.swift */,
				E4B986AF27AC6811007C824B /* MyInfoHeaderView.swift */,
				E459C3D827AAB77D0084FE0C /* MyInfoCell.swift */,
			);
			path = MyInfo;
			sourceTree = "<group>";
		};
		E459C3D327AA9E9E0084FE0C /* MyPage */ = {
			isa = PBXGroup;
			children = (
				E4ABC3C4279FD3C600CE3A99 /* MyPageViewController.swift */,
				E45256AF27AF1A2300AF4130 /* MyPageViewModel.swift */,
				E45256AD27AF175300AF4130 /* MyPageTableViewCell.swift */,
			);
			path = MyPage;
			sourceTree = "<group>";
		};
		E459D3CD27B79F830075A17C /* MainMap */ = {
			isa = PBXGroup;
			children = (
				E4AF002127B2723200D8572C /* MapViewController.swift */,
				E4335D7B27B2CAD400245879 /* MapViewModel.swift */,
				E415B92D27B4334600831D50 /* MapViewController+Function.swift */,
			);
			path = MainMap;
			sourceTree = "<group>";
		};
		E459D3D527B7A17E0075A17C /* Around */ = {
			isa = PBXGroup;
			children = (
				E459D3D127B7A0DC0075A17C /* AroundSeSacViewController.swift */,
				E459D3DC27B7E2E60075A17C /* AroundSeSacViewModel.swift */,
			);
			path = Around;
			sourceTree = "<group>";
		};
		E459D3D627B7A1890075A17C /* Request */ = {
			isa = PBXGroup;
			children = (
				E459D3D327B7A0E80075A17C /* RequestSeSacViewController.swift */,
				E459D3DE27B7E2FD0075A17C /* RequestSeSacViewModel.swift */,
			);
			path = Request;
			sourceTree = "<group>";
		};
		E459D3DB27B7E07A0075A17C /* Cell */ = {
			isa = PBXGroup;
			children = (
				E459D3D727B7B41F0075A17C /* SearchFriendsTableCell.swift */,
			);
			path = Cell;
			sourceTree = "<group>";
		};
		E459D3E027B7E4020075A17C /* Review */ = {
			isa = PBXGroup;
			children = (
				E459D3E127B7E4200075A17C /* ReviewViewController.swift */,
				E459D3E527B82F5E0075A17C /* ReviewTableCell.swift */,
			);
			path = Review;
			sourceTree = "<group>";
		};
		E46AF3FF27A3A738009F381C /* Button */ = {
			isa = PBXGroup;
			children = (
				E4C31EBD2797C27C00ACE886 /* Custom+UIButton+Rx.swift */,
				E4B986B227AEEDBA007C824B /* Button+Collection+(3x2).swift */,
			);
			path = Button;
			sourceTree = "<group>";
		};
		E46AF40027A3A746009F381C /* TextField */ = {
			isa = PBXGroup;
			children = (
				E4C31EB72796D60A00ACE886 /* Custom+InputText.swift */,
				E4C31EBF2798610E00ACE886 /* Custom+textArea.swift */,
			);
			path = TextField;
			sourceTree = "<group>";
		};
		E46AF40327A3A92D009F381C /* View */ = {
			isa = PBXGroup;
			children = (
				E4C31EA82796CD8D00ACE886 /* BaseViewController.swift */,
				E4AF001D27B23E0000D8572C /* BaseTabBarViewController.swift */,
			);
			path = View;
			sourceTree = "<group>";
		};
		E46AF40427A3A935009F381C /* Protocol */ = {
			isa = PBXGroup;
			children = (
				E46AF40127A3A780009F381C /* ViewModel+Protocol.swift */,
				E459C3DA27AAB8010084FE0C /* ReusableName+Ptotocol.swift */,
			);
			path = Protocol;
			sourceTree = "<group>";
		};
		E46AF40527A3A941009F381C /* Extension(Enum) */ = {
			isa = PBXGroup;
			children = (
				E4C31EA427968B7600ACE886 /* UIFont+Extension.swift */,
				E4C31EBB2797B76500ACE886 /* UIColor+Extension.swift */,
				E415B92F27B5396600831D50 /* Image+Extension.swift */,
			);
			path = "Extension(Enum)";
			sourceTree = "<group>";
		};
		E49CE6FB27B6776A005F65AB /* Extension */ = {
			isa = PBXGroup;
			children = (
				E49CE6FC27B67782005F65AB /* HobbyViewController+Collection+Extension.swift */,
			);
			path = Extension;
			sourceTree = "<group>";
		};
		E49CE6FE27B677B4005F65AB /* Collection */ = {
			isa = PBXGroup;
			children = (
				E415B93827B580DD00831D50 /* CollectionViewLeftAlignFlowLayout.swift */,
				E415B93627B57C5E00831D50 /* HobbyCollectionCell.swift */,
				E49CE6F927B645B5005F65AB /* HobbyCollectionViewHeader.swift */,
			);
			path = Collection;
			sourceTree = "<group>";
		};
		E49CE70227B6BF88005F65AB /* SearchFriends */ = {
			isa = PBXGroup;
			children = (
				E49CE70327B6BFB7005F65AB /* SearchFriendsViewController.swift */,
				E459D3E327B7E5420075A17C /* TableBackgroundView.swift */,
				E459D3DB27B7E07A0075A17C /* Cell */,
				E459D3D527B7A17E0075A17C /* Around */,
				E459D3D627B7A1890075A17C /* Request */,
				E459D3E027B7E4020075A17C /* Review */,
			);
			path = SearchFriends;
			sourceTree = "<group>";
		};
		E4ABC3C3279FD3B000CE3A99 /* MyInfo */ = {
			isa = PBXGroup;
			children = (
				E459C3D227AA9E8B0084FE0C /* MyInfo */,
				E459C3D327AA9E9E0084FE0C /* MyPage */,
			);
			path = MyInfo;
			sourceTree = "<group>";
		};
		E4AF001227B0EA2C00D8572C /* Alert */ = {
			isa = PBXGroup;
			children = (
				E4AF001527B0EF1100D8572C /* Custom+Alert.swift */,
			);
			path = Alert;
			sourceTree = "<group>";
		};
		E4AF001727B1786F00D8572C /* Model */ = {
			isa = PBXGroup;
			children = (
				E4AF001827B1787D00D8572C /* CheckDataModel.swift */,
			);
			path = Model;
			sourceTree = "<group>";
		};
		E4AF001F27B2720200D8572C /* Map */ = {
			isa = PBXGroup;
			children = (
				E459D3CD27B79F830075A17C /* MainMap */,
				E415B93127B56B0300831D50 /* Hobby */,
				E49CE70227B6BF88005F65AB /* SearchFriends */,
			);
			path = Map;
			sourceTree = "<group>";
		};
		E4AF002027B2721D00D8572C /* Shop */ = {
			isa = PBXGroup;
			children = (
				E4AF002327B2727400D8572C /* ShopViewController.swift */,
			);
			path = Shop;
			sourceTree = "<group>";
		};
		E4B986AC27AC326B007C824B /* NetworkModel */ = {
			isa = PBXGroup;
			children = (
				E4B986AD27AC3286007C824B /* SeSacLoginModel.swift */,
				E4335D7927B2C58100245879 /* SeSacSearchFreindsModel.swift */,
			);
			path = NetworkModel;
			sourceTree = "<group>";
		};
		E4C31E8427967B2800ACE886 = {
			isa = PBXGroup;
			children = (
				E4C31E8F27967B2800ACE886 /* Service_Level_Project */,
				E4C31E8E27967B2800ACE886 /* Products */,
				93368FBEEACBD86DF8D90FD3 /* Pods */,
				B0FF2160C033CF4B52B11369 /* Frameworks */,
			);
			sourceTree = "<group>";
		};
		E4C31E8E27967B2800ACE886 /* Products */ = {
			isa = PBXGroup;
			children = (
				E4C31E8D27967B2800ACE886 /* Service_Level_Project.app */,
			);
			name = Products;
			sourceTree = "<group>";
		};
		E4C31E8F27967B2800ACE886 /* Service_Level_Project */ = {
			isa = PBXGroup;
			children = (
				E4ABC3C927A0791800CE3A99 /* Service_Level_ProjectDebug.entitlements */,
				E4ABC3C827A0791100CE3A99 /* Service_Level_ProjectRelease.entitlements */,
				E4C31E9427967B2800ACE886 /* ViewController.swift */,
				E41ED01C279DB7A000A2F0CE /* Auth */,
				E4ABC3C3279FD3B000CE3A99 /* MyInfo */,
				E4AF001F27B2720200D8572C /* Map */,
				E4AF002027B2721D00D8572C /* Shop */,
				E4C31EB62796D5CE00ACE886 /* CustomView */,
				E4C31EB52796D59700ACE886 /* Base */,
				E4C31E9927967B2900ACE886 /* Assets.xcassets */,
				E4C31E9B27967B2900ACE886 /* LaunchScreen.storyboard */,
				E4C31E9E27967B2900ACE886 /* Info.plist */,
				E4C31EB92797B33A00ACE886 /* GoogleService-Info.plist */,
				E4C31E9027967B2800ACE886 /* AppDelegate.swift */,
				E4C31E9227967B2800ACE886 /* SceneDelegate.swift */,
			);
			path = Service_Level_Project;
			sourceTree = "<group>";
		};
		E4C31EB52796D59700ACE886 /* Base */ = {
			isa = PBXGroup;
			children = (
				E4AF001727B1786F00D8572C /* Model */,
				E46AF40327A3A92D009F381C /* View */,
				E46AF40427A3A935009F381C /* Protocol */,
				E46AF40527A3A941009F381C /* Extension(Enum) */,
				E418161327ABA50000CB693A /* Network */,
				E4B986AC27AC326B007C824B /* NetworkModel */,
				E46AF40827A84C47009F381C /* UserDefaultsManager.swift */,
			);
			path = Base;
			sourceTree = "<group>";
		};
		E4C31EB62796D5CE00ACE886 /* CustomView */ = {
			isa = PBXGroup;
			children = (
				E4AF001227B0EA2C00D8572C /* Alert */,
				E45256AA27AF068400AF4130 /* View */,
				E46AF3FF27A3A738009F381C /* Button */,
				E46AF40027A3A746009F381C /* TextField */,
			);
			path = CustomView;
			sourceTree = "<group>";
		};
/* End PBXGroup section */

/* Begin PBXNativeTarget section */
		E4C31E8C27967B2800ACE886 /* Service_Level_Project */ = {
			isa = PBXNativeTarget;
			buildConfigurationList = E4C31EA127967B2900ACE886 /* Build configuration list for PBXNativeTarget "Service_Level_Project" */;
			buildPhases = (
				3D167F2CA28897020E6A1E38 /* [CP] Check Pods Manifest.lock */,
				E4C31E8927967B2800ACE886 /* Sources */,
				E4C31E8A27967B2800ACE886 /* Frameworks */,
				E4C31E8B27967B2800ACE886 /* Resources */,
				8FC53B07C79EF2A33A116F9F /* [CP] Embed Pods Frameworks */,
			);
			buildRules = (
			);
			dependencies = (
			);
			name = Service_Level_Project;
			packageProductDependencies = (
				E4C31EAB2796D42700ACE886 /* Then */,
				E4C31EB12796D44B00ACE886 /* RxCocoa */,
				E4C31EB32796D44B00ACE886 /* RxSwift */,
				E41ED022279DD5F200A2F0CE /* FirebaseAnalytics */,
				E41ED024279DD5F200A2F0CE /* FirebaseAuth */,
				E41ED026279DD5F200A2F0CE /* FirebaseMessaging */,
				E41ED029279DD77B00A2F0CE /* Toast */,
				E418161727ABA58500CB693A /* Alamofire */,
				E461BFEE27AFFEFF00840173 /* MultiSlider */,
				E4AF001B27B1859400D8572C /* IQKeyboardManagerSwift */,
				E4F2135927B30655004FE47D /* SnapKit */,
				E49CE70027B67B69005F65AB /* RxKeyboard */,
				E459D3CF27B7A0510075A17C /* Tabman */,
			);
			productName = Service_Level_Project;
			productReference = E4C31E8D27967B2800ACE886 /* Service_Level_Project.app */;
			productType = "com.apple.product-type.application";
		};
/* End PBXNativeTarget section */

/* Begin PBXProject section */
		E4C31E8527967B2800ACE886 /* Project object */ = {
			isa = PBXProject;
			attributes = {
				BuildIndependentTargetsInParallel = 1;
				LastSwiftUpdateCheck = 1320;
				LastUpgradeCheck = 1320;
				TargetAttributes = {
					E4C31E8C27967B2800ACE886 = {
						CreatedOnToolsVersion = 13.2.1;
					};
				};
			};
			buildConfigurationList = E4C31E8827967B2800ACE886 /* Build configuration list for PBXProject "Service_Level_Project" */;
			compatibilityVersion = "Xcode 13.0";
			developmentRegion = en;
			hasScannedForEncodings = 0;
			knownRegions = (
				en,
				Base,
			);
			mainGroup = E4C31E8427967B2800ACE886;
			packageReferences = (
				E4C31EAA2796D42700ACE886 /* XCRemoteSwiftPackageReference "Then" */,
				E4C31EB02796D44B00ACE886 /* XCRemoteSwiftPackageReference "RxSwift" */,
				E41ED021279DD5F100A2F0CE /* XCRemoteSwiftPackageReference "firebase-ios-sdk" */,
				E41ED028279DD77A00A2F0CE /* XCRemoteSwiftPackageReference "Toast-Swift" */,
				E418161627ABA58400CB693A /* XCRemoteSwiftPackageReference "Alamofire" */,
				E461BFED27AFFEFF00840173 /* XCRemoteSwiftPackageReference "MultiSlider" */,
				E4AF001A27B1859400D8572C /* XCRemoteSwiftPackageReference "IQKeyboardManager" */,
				E4F2135827B30655004FE47D /* XCRemoteSwiftPackageReference "SnapKit" */,
				E49CE6FF27B67B69005F65AB /* XCRemoteSwiftPackageReference "RxKeyboard" */,
				E459D3CE27B7A0510075A17C /* XCRemoteSwiftPackageReference "Tabman" */,
			);
			productRefGroup = E4C31E8E27967B2800ACE886 /* Products */;
			projectDirPath = "";
			projectRoot = "";
			targets = (
				E4C31E8C27967B2800ACE886 /* Service_Level_Project */,
			);
		};
/* End PBXProject section */

/* Begin PBXResourcesBuildPhase section */
		E4C31E8B27967B2800ACE886 /* Resources */ = {
			isa = PBXResourcesBuildPhase;
			buildActionMask = 2147483647;
			files = (
				E4C31E9D27967B2900ACE886 /* LaunchScreen.storyboard in Resources */,
				E4C31E9A27967B2900ACE886 /* Assets.xcassets in Resources */,
				E4C31EBA2797B33A00ACE886 /* GoogleService-Info.plist in Resources */,
			);
			runOnlyForDeploymentPostprocessing = 0;
		};
/* End PBXResourcesBuildPhase section */

/* Begin PBXShellScriptBuildPhase section */
		3D167F2CA28897020E6A1E38 /* [CP] Check Pods Manifest.lock */ = {
			isa = PBXShellScriptBuildPhase;
			buildActionMask = 2147483647;
			files = (
			);
			inputFileListPaths = (
			);
			inputPaths = (
				"${PODS_PODFILE_DIR_PATH}/Podfile.lock",
				"${PODS_ROOT}/Manifest.lock",
			);
			name = "[CP] Check Pods Manifest.lock";
			outputFileListPaths = (
			);
			outputPaths = (
				"$(DERIVED_FILE_DIR)/Pods-Service_Level_Project-checkManifestLockResult.txt",
			);
			runOnlyForDeploymentPostprocessing = 0;
			shellPath = /bin/sh;
			shellScript = "diff \"${PODS_PODFILE_DIR_PATH}/Podfile.lock\" \"${PODS_ROOT}/Manifest.lock\" > /dev/null\nif [ $? != 0 ] ; then\n    # print error to STDERR\n    echo \"error: The sandbox is not in sync with the Podfile.lock. Run 'pod install' or update your CocoaPods installation.\" >&2\n    exit 1\nfi\n# This output is used by Xcode 'outputs' to avoid re-running this script phase.\necho \"SUCCESS\" > \"${SCRIPT_OUTPUT_FILE_0}\"\n";
			showEnvVarsInLog = 0;
		};
		8FC53B07C79EF2A33A116F9F /* [CP] Embed Pods Frameworks */ = {
			isa = PBXShellScriptBuildPhase;
			buildActionMask = 2147483647;
			files = (
			);
			inputFileListPaths = (
				"${PODS_ROOT}/Target Support Files/Pods-Service_Level_Project/Pods-Service_Level_Project-frameworks-${CONFIGURATION}-input-files.xcfilelist",
			);
			name = "[CP] Embed Pods Frameworks";
			outputFileListPaths = (
				"${PODS_ROOT}/Target Support Files/Pods-Service_Level_Project/Pods-Service_Level_Project-frameworks-${CONFIGURATION}-output-files.xcfilelist",
			);
			runOnlyForDeploymentPostprocessing = 0;
			shellPath = /bin/sh;
			shellScript = "\"${PODS_ROOT}/Target Support Files/Pods-Service_Level_Project/Pods-Service_Level_Project-frameworks.sh\"\n";
			showEnvVarsInLog = 0;
		};
/* End PBXShellScriptBuildPhase section */

/* Begin PBXSourcesBuildPhase section */
		E4C31E8927967B2800ACE886 /* Sources */ = {
			isa = PBXSourcesBuildPhase;
			buildActionMask = 2147483647;
			files = (
				E4C31EBE2797C27C00ACE886 /* Custom+UIButton+Rx.swift in Sources */,
				E459D3DD27B7E2E60075A17C /* AroundSeSacViewModel.swift in Sources */,
				E459D3E227B7E4200075A17C /* ReviewViewController.swift in Sources */,
				E4B986AE27AC3286007C824B /* SeSacLoginModel.swift in Sources */,
				E41ED019279DA56600A2F0CE /* AuthPhoneViewController.swift in Sources */,
				E459D3D827B7B41F0075A17C /* SearchFriendsTableCell.swift in Sources */,
				E4AF002427B2727400D8572C /* ShopViewController.swift in Sources */,
				E459D3D427B7A0E80075A17C /* RequestSeSacViewController.swift in Sources */,
				E4AF001627B0EF1100D8572C /* Custom+Alert.swift in Sources */,
				E4C31EBC2797B76500ACE886 /* UIColor+Extension.swift in Sources */,
				E4AF001927B1787D00D8572C /* CheckDataModel.swift in Sources */,
				E4C31E9527967B2800ACE886 /* ViewController.swift in Sources */,
				E415B92E27B4334600831D50 /* MapViewController+Function.swift in Sources */,
				E4B986B327AEEDBA007C824B /* Button+Collection+(3x2).swift in Sources */,
				E46AF40227A3A780009F381C /* ViewModel+Protocol.swift in Sources */,
				E415B93927B580DD00831D50 /* CollectionViewLeftAlignFlowLayout.swift in Sources */,
				E459D3E427B7E5420075A17C /* TableBackgroundView.swift in Sources */,
				E49CE70427B6BFB7005F65AB /* SearchFriendsViewController.swift in Sources */,
				E458E342279F2518004C68AC /* SelectGenderViewController.swift in Sources */,
				E4B986B027AC6811007C824B /* MyInfoHeaderView.swift in Sources */,
				E4C31E9127967B2800ACE886 /* AppDelegate.swift in Sources */,
				E458E338279F0DC2004C68AC /* BirthdayViewController.swift in Sources */,
				E459D3E627B82F5E0075A17C /* ReviewTableCell.swift in Sources */,
				E4AF002227B2723200D8572C /* MapViewController.swift in Sources */,
				E49CE6FD27B67782005F65AB /* HobbyViewController+Collection+Extension.swift in Sources */,
				E4ABC3C5279FD3C600CE3A99 /* MyPageViewController.swift in Sources */,
				E4C31EB82796D60A00ACE886 /* Custom+InputText.swift in Sources */,
				E459C3D127AA9E870084FE0C /* MyInfoViewController.swift in Sources */,
				E4ABC3C727A02AAC00CE3A99 /* AuthError.swift in Sources */,
				E459D3DF27B7E2FD0075A17C /* RequestSeSacViewModel.swift in Sources */,
				E45256B027AF1A2300AF4130 /* MyPageViewModel.swift in Sources */,
				E459C3D727AA9F110084FE0C /* MyInfoViewModel.swift in Sources */,
				E415B93527B56D1A00831D50 /* HobbyViewModel.swift in Sources */,
				E459C3D927AAB77D0084FE0C /* MyInfoCell.swift in Sources */,
				E41ED02E279DE59C00A2F0CE /* AuthPhoneMessageViewModel.swift in Sources */,
				E4C31EA527968B7600ACE886 /* UIFont+Extension.swift in Sources */,
				E458E335279EFC07004C68AC /* CreateNicknameViewModel.swift in Sources */,
				E459C3DB27AAB8010084FE0C /* ReusableName+Ptotocol.swift in Sources */,
				E4335D7C27B2CAD400245879 /* MapViewModel.swift in Sources */,
				E458E344279F253E004C68AC /* SelectGenderViewModel.swift in Sources */,
				E41ED01B279DB78F00A2F0CE /* AuthPhoneMessageViewController.swift in Sources */,
				E458E33A279F0DF8004C68AC /* BirthdayViewModel.swift in Sources */,
				E415B93027B5396600831D50 /* Image+Extension.swift in Sources */,
				E4C31E9327967B2800ACE886 /* SceneDelegate.swift in Sources */,
				E45256AE27AF175300AF4130 /* MyPageTableViewCell.swift in Sources */,
				E4AF001E27B23E0000D8572C /* BaseTabBarViewController.swift in Sources */,
				E41ED02C279DD8E400A2F0CE /* SeSacURLManager.swift in Sources */,
				E4C31EC02798610E00ACE886 /* Custom+textArea.swift in Sources */,
				E4C31EA92796CD8D00ACE886 /* BaseViewController.swift in Sources */,
				E458E33F279F2053004C68AC /* EmailViewModel.swift in Sources */,
				E459D3D227B7A0DC0075A17C /* AroundSeSacViewController.swift in Sources */,
				E415B93327B56BDB00831D50 /* HobbyViewController.swift in Sources */,
				E41ED01E279DBA5700A2F0CE /* AuthPhoneViewModel.swift in Sources */,
				E415B93727B57C5E00831D50 /* HobbyCollectionCell.swift in Sources */,
				E4335D7A27B2C58100245879 /* SeSacSearchFreindsModel.swift in Sources */,
				E46AF40927A84C47009F381C /* UserDefaultsManager.swift in Sources */,
				E49CE6FA27B645B5005F65AB /* HobbyCollectionViewHeader.swift in Sources */,
				E418161527ABA54100CB693A /* SeSacURLNetwork.swift in Sources */,
				E458E333279EFBAF004C68AC /* CreateNicknameViewController.swift in Sources */,
				E45256AC27AF069C00AF4130 /* Custom+View.swift in Sources */,
				E47AB08B2799D28F001A50A1 /* AuthBaseViewController.swift in Sources */,
				E458E33D279F2016004C68AC /* EmailViewController.swift in Sources */,
			);
			runOnlyForDeploymentPostprocessing = 0;
		};
/* End PBXSourcesBuildPhase section */

/* Begin PBXVariantGroup section */
		E4C31E9B27967B2900ACE886 /* LaunchScreen.storyboard */ = {
			isa = PBXVariantGroup;
			children = (
				E4C31E9C27967B2900ACE886 /* Base */,
			);
			name = LaunchScreen.storyboard;
			sourceTree = "<group>";
		};
/* End PBXVariantGroup section */

/* Begin XCBuildConfiguration section */
		E4C31E9F27967B2900ACE886 /* Debug */ = {
			isa = XCBuildConfiguration;
			buildSettings = {
				ALWAYS_SEARCH_USER_PATHS = NO;
				CLANG_ANALYZER_NONNULL = YES;
				CLANG_ANALYZER_NUMBER_OBJECT_CONVERSION = YES_AGGRESSIVE;
				CLANG_CXX_LANGUAGE_STANDARD = "gnu++17";
				CLANG_CXX_LIBRARY = "libc++";
				CLANG_ENABLE_MODULES = YES;
				CLANG_ENABLE_OBJC_ARC = YES;
				CLANG_ENABLE_OBJC_WEAK = YES;
				CLANG_WARN_BLOCK_CAPTURE_AUTORELEASING = YES;
				CLANG_WARN_BOOL_CONVERSION = YES;
				CLANG_WARN_COMMA = YES;
				CLANG_WARN_CONSTANT_CONVERSION = YES;
				CLANG_WARN_DEPRECATED_OBJC_IMPLEMENTATIONS = YES;
				CLANG_WARN_DIRECT_OBJC_ISA_USAGE = YES_ERROR;
				CLANG_WARN_DOCUMENTATION_COMMENTS = YES;
				CLANG_WARN_EMPTY_BODY = YES;
				CLANG_WARN_ENUM_CONVERSION = YES;
				CLANG_WARN_INFINITE_RECURSION = YES;
				CLANG_WARN_INT_CONVERSION = YES;
				CLANG_WARN_NON_LITERAL_NULL_CONVERSION = YES;
				CLANG_WARN_OBJC_IMPLICIT_RETAIN_SELF = YES;
				CLANG_WARN_OBJC_LITERAL_CONVERSION = YES;
				CLANG_WARN_OBJC_ROOT_CLASS = YES_ERROR;
				CLANG_WARN_QUOTED_INCLUDE_IN_FRAMEWORK_HEADER = YES;
				CLANG_WARN_RANGE_LOOP_ANALYSIS = YES;
				CLANG_WARN_STRICT_PROTOTYPES = YES;
				CLANG_WARN_SUSPICIOUS_MOVE = YES;
				CLANG_WARN_UNGUARDED_AVAILABILITY = YES_AGGRESSIVE;
				CLANG_WARN_UNREACHABLE_CODE = YES;
				CLANG_WARN__DUPLICATE_METHOD_MATCH = YES;
				COPY_PHASE_STRIP = NO;
				DEBUG_INFORMATION_FORMAT = dwarf;
				ENABLE_STRICT_OBJC_MSGSEND = YES;
				ENABLE_TESTABILITY = YES;
				EXCLUDED_ARCHS = "";
				GCC_C_LANGUAGE_STANDARD = gnu11;
				GCC_DYNAMIC_NO_PIC = NO;
				GCC_NO_COMMON_BLOCKS = YES;
				GCC_OPTIMIZATION_LEVEL = 0;
				GCC_PREPROCESSOR_DEFINITIONS = (
					"DEBUG=1",
					"$(inherited)",
				);
				GCC_WARN_64_TO_32_BIT_CONVERSION = YES;
				GCC_WARN_ABOUT_RETURN_TYPE = YES_ERROR;
				GCC_WARN_UNDECLARED_SELECTOR = YES;
				GCC_WARN_UNINITIALIZED_AUTOS = YES_AGGRESSIVE;
				GCC_WARN_UNUSED_FUNCTION = YES;
				GCC_WARN_UNUSED_VARIABLE = YES;
				IPHONEOS_DEPLOYMENT_TARGET = 15.2;
				MTL_ENABLE_DEBUG_INFO = INCLUDE_SOURCE;
				MTL_FAST_MATH = YES;
				ONLY_ACTIVE_ARCH = YES;
				SDKROOT = iphoneos;
				SWIFT_ACTIVE_COMPILATION_CONDITIONS = DEBUG;
				SWIFT_OPTIMIZATION_LEVEL = "-Onone";
				VALIDATE_PRODUCT = NO;
			};
			name = Debug;
		};
		E4C31EA027967B2900ACE886 /* Release */ = {
			isa = XCBuildConfiguration;
			buildSettings = {
				ALWAYS_SEARCH_USER_PATHS = NO;
				CLANG_ANALYZER_NONNULL = YES;
				CLANG_ANALYZER_NUMBER_OBJECT_CONVERSION = YES_AGGRESSIVE;
				CLANG_CXX_LANGUAGE_STANDARD = "gnu++17";
				CLANG_CXX_LIBRARY = "libc++";
				CLANG_ENABLE_MODULES = YES;
				CLANG_ENABLE_OBJC_ARC = YES;
				CLANG_ENABLE_OBJC_WEAK = YES;
				CLANG_WARN_BLOCK_CAPTURE_AUTORELEASING = YES;
				CLANG_WARN_BOOL_CONVERSION = YES;
				CLANG_WARN_COMMA = YES;
				CLANG_WARN_CONSTANT_CONVERSION = YES;
				CLANG_WARN_DEPRECATED_OBJC_IMPLEMENTATIONS = YES;
				CLANG_WARN_DIRECT_OBJC_ISA_USAGE = YES_ERROR;
				CLANG_WARN_DOCUMENTATION_COMMENTS = YES;
				CLANG_WARN_EMPTY_BODY = YES;
				CLANG_WARN_ENUM_CONVERSION = YES;
				CLANG_WARN_INFINITE_RECURSION = YES;
				CLANG_WARN_INT_CONVERSION = YES;
				CLANG_WARN_NON_LITERAL_NULL_CONVERSION = YES;
				CLANG_WARN_OBJC_IMPLICIT_RETAIN_SELF = YES;
				CLANG_WARN_OBJC_LITERAL_CONVERSION = YES;
				CLANG_WARN_OBJC_ROOT_CLASS = YES_ERROR;
				CLANG_WARN_QUOTED_INCLUDE_IN_FRAMEWORK_HEADER = YES;
				CLANG_WARN_RANGE_LOOP_ANALYSIS = YES;
				CLANG_WARN_STRICT_PROTOTYPES = YES;
				CLANG_WARN_SUSPICIOUS_MOVE = YES;
				CLANG_WARN_UNGUARDED_AVAILABILITY = YES_AGGRESSIVE;
				CLANG_WARN_UNREACHABLE_CODE = YES;
				CLANG_WARN__DUPLICATE_METHOD_MATCH = YES;
				COPY_PHASE_STRIP = NO;
				DEBUG_INFORMATION_FORMAT = "dwarf-with-dsym";
				ENABLE_NS_ASSERTIONS = NO;
				ENABLE_STRICT_OBJC_MSGSEND = YES;
				EXCLUDED_ARCHS = "";
				GCC_C_LANGUAGE_STANDARD = gnu11;
				GCC_NO_COMMON_BLOCKS = YES;
				GCC_WARN_64_TO_32_BIT_CONVERSION = YES;
				GCC_WARN_ABOUT_RETURN_TYPE = YES_ERROR;
				GCC_WARN_UNDECLARED_SELECTOR = YES;
				GCC_WARN_UNINITIALIZED_AUTOS = YES_AGGRESSIVE;
				GCC_WARN_UNUSED_FUNCTION = YES;
				GCC_WARN_UNUSED_VARIABLE = YES;
				IPHONEOS_DEPLOYMENT_TARGET = 15.2;
				MTL_ENABLE_DEBUG_INFO = NO;
				MTL_FAST_MATH = YES;
				SDKROOT = iphoneos;
				SWIFT_COMPILATION_MODE = wholemodule;
				SWIFT_OPTIMIZATION_LEVEL = "-O";
				VALIDATE_PRODUCT = NO;
			};
			name = Release;
		};
		E4C31EA227967B2900ACE886 /* Debug */ = {
			isa = XCBuildConfiguration;
			baseConfigurationReference = 56D43E2BE139B0F66CB58993 /* Pods-Service_Level_Project.debug.xcconfig */;
			buildSettings = {
				ASSETCATALOG_COMPILER_APPICON_NAME = AppIcon;
				ASSETCATALOG_COMPILER_GLOBAL_ACCENT_COLOR_NAME = AccentColor;
				CODE_SIGN_ENTITLEMENTS = Service_Level_Project/Service_Level_ProjectDebug.entitlements;
				CODE_SIGN_STYLE = Automatic;
				CURRENT_PROJECT_VERSION = 1;
				DEVELOPMENT_TEAM = 2EZ5QWFYX2;
				GENERATE_INFOPLIST_FILE = YES;
				INFOPLIST_FILE = Service_Level_Project/Info.plist;
				INFOPLIST_KEY_CFBundleDisplayName = SLP;
				INFOPLIST_KEY_UIApplicationSupportsIndirectInputEvents = YES;
				INFOPLIST_KEY_UILaunchStoryboardName = LaunchScreen;
				INFOPLIST_KEY_UISupportedInterfaceOrientations_iPad = "UIInterfaceOrientationPortrait UIInterfaceOrientationPortraitUpsideDown UIInterfaceOrientationLandscapeLeft UIInterfaceOrientationLandscapeRight";
				INFOPLIST_KEY_UISupportedInterfaceOrientations_iPhone = "UIInterfaceOrientationPortrait UIInterfaceOrientationLandscapeLeft UIInterfaceOrientationLandscapeRight";
				LD_RUNPATH_SEARCH_PATHS = (
					"$(inherited)",
					"@executable_path/Frameworks",
				);
				MARKETING_VERSION = 1.0;
				PRODUCT_BUNDLE_IDENTIFIER = com.memolease.sesac1;
				PRODUCT_NAME = "$(TARGET_NAME)";
				SWIFT_EMIT_LOC_STRINGS = YES;
				SWIFT_VERSION = 5.0;
				TARGETED_DEVICE_FAMILY = 1;
			};
			name = Debug;
		};
		E4C31EA327967B2900ACE886 /* Release */ = {
			isa = XCBuildConfiguration;
			baseConfigurationReference = 28CD9C90B15321C9F6115728 /* Pods-Service_Level_Project.release.xcconfig */;
			buildSettings = {
				ASSETCATALOG_COMPILER_APPICON_NAME = AppIcon;
				ASSETCATALOG_COMPILER_GLOBAL_ACCENT_COLOR_NAME = AccentColor;
				CODE_SIGN_ENTITLEMENTS = Service_Level_Project/Service_Level_ProjectRelease.entitlements;
				CODE_SIGN_STYLE = Automatic;
				CURRENT_PROJECT_VERSION = 1;
				DEVELOPMENT_TEAM = 2EZ5QWFYX2;
				GENERATE_INFOPLIST_FILE = YES;
				INFOPLIST_FILE = Service_Level_Project/Info.plist;
				INFOPLIST_KEY_CFBundleDisplayName = SLP;
				INFOPLIST_KEY_UIApplicationSupportsIndirectInputEvents = YES;
				INFOPLIST_KEY_UILaunchStoryboardName = LaunchScreen;
				INFOPLIST_KEY_UISupportedInterfaceOrientations_iPad = "UIInterfaceOrientationPortrait UIInterfaceOrientationPortraitUpsideDown UIInterfaceOrientationLandscapeLeft UIInterfaceOrientationLandscapeRight";
				INFOPLIST_KEY_UISupportedInterfaceOrientations_iPhone = "UIInterfaceOrientationPortrait UIInterfaceOrientationLandscapeLeft UIInterfaceOrientationLandscapeRight";
				LD_RUNPATH_SEARCH_PATHS = (
					"$(inherited)",
					"@executable_path/Frameworks",
				);
				MARKETING_VERSION = 1.0;
				PRODUCT_BUNDLE_IDENTIFIER = com.memolease.sesac1;
				PRODUCT_NAME = "$(TARGET_NAME)";
				SWIFT_EMIT_LOC_STRINGS = YES;
				SWIFT_VERSION = 5.0;
				TARGETED_DEVICE_FAMILY = 1;
			};
			name = Release;
		};
/* End XCBuildConfiguration section */

/* Begin XCConfigurationList section */
		E4C31E8827967B2800ACE886 /* Build configuration list for PBXProject "Service_Level_Project" */ = {
			isa = XCConfigurationList;
			buildConfigurations = (
				E4C31E9F27967B2900ACE886 /* Debug */,
				E4C31EA027967B2900ACE886 /* Release */,
			);
			defaultConfigurationIsVisible = 0;
			defaultConfigurationName = Release;
		};
		E4C31EA127967B2900ACE886 /* Build configuration list for PBXNativeTarget "Service_Level_Project" */ = {
			isa = XCConfigurationList;
			buildConfigurations = (
				E4C31EA227967B2900ACE886 /* Debug */,
				E4C31EA327967B2900ACE886 /* Release */,
			);
			defaultConfigurationIsVisible = 0;
			defaultConfigurationName = Release;
		};
/* End XCConfigurationList section */

/* Begin XCRemoteSwiftPackageReference section */
		E418161627ABA58400CB693A /* XCRemoteSwiftPackageReference "Alamofire" */ = {
			isa = XCRemoteSwiftPackageReference;
			repositoryURL = "https://github.com/Alamofire/Alamofire.git";
			requirement = {
				kind = upToNextMajorVersion;
				minimumVersion = 5.0.0;
			};
		};
		E41ED021279DD5F100A2F0CE /* XCRemoteSwiftPackageReference "firebase-ios-sdk" */ = {
			isa = XCRemoteSwiftPackageReference;
			repositoryURL = "https://github.com/firebase/firebase-ios-sdk";
			requirement = {
				kind = upToNextMajorVersion;
				minimumVersion = 8.0.0;
			};
		};
		E41ED028279DD77A00A2F0CE /* XCRemoteSwiftPackageReference "Toast-Swift" */ = {
			isa = XCRemoteSwiftPackageReference;
			repositoryURL = "https://github.com/scalessec/Toast-Swift.git";
			requirement = {
				kind = upToNextMajorVersion;
				minimumVersion = 5.0.0;
			};
		};
		E459D3CE27B7A0510075A17C /* XCRemoteSwiftPackageReference "Tabman" */ = {
			isa = XCRemoteSwiftPackageReference;
			repositoryURL = "https://github.com/uias/Tabman";
			requirement = {
				kind = upToNextMajorVersion;
				minimumVersion = 2.0.0;
			};
		};
		E461BFED27AFFEFF00840173 /* XCRemoteSwiftPackageReference "MultiSlider" */ = {
			isa = XCRemoteSwiftPackageReference;
			repositoryURL = "https://github.com/yonat/MultiSlider";
			requirement = {
				kind = upToNextMajorVersion;
				minimumVersion = 1.0.0;
			};
		};
		E49CE6FF27B67B69005F65AB /* XCRemoteSwiftPackageReference "RxKeyboard" */ = {
			isa = XCRemoteSwiftPackageReference;
			repositoryURL = "https://github.com/RxSwiftCommunity/RxKeyboard";
			requirement = {
				kind = upToNextMajorVersion;
				minimumVersion = 2.0.0;
			};
		};
		E4AF001A27B1859400D8572C /* XCRemoteSwiftPackageReference "IQKeyboardManager" */ = {
			isa = XCRemoteSwiftPackageReference;
			repositoryURL = "https://github.com/hackiftekhar/IQKeyboardManager.git";
			requirement = {
				kind = upToNextMajorVersion;
				minimumVersion = 6.5.0;
			};
		};
		E4C31EAA2796D42700ACE886 /* XCRemoteSwiftPackageReference "Then" */ = {
			isa = XCRemoteSwiftPackageReference;
			repositoryURL = "https://github.com/devxoul/Then.git";
			requirement = {
				kind = upToNextMajorVersion;
				minimumVersion = 2.0.0;
			};
		};
		E4C31EB02796D44B00ACE886 /* XCRemoteSwiftPackageReference "RxSwift" */ = {
			isa = XCRemoteSwiftPackageReference;
			repositoryURL = "https://github.com/ReactiveX/RxSwift.git";
			requirement = {
				kind = upToNextMajorVersion;
				minimumVersion = 6.0.0;
			};
		};
		E4F2135827B30655004FE47D /* XCRemoteSwiftPackageReference "SnapKit" */ = {
			isa = XCRemoteSwiftPackageReference;
			repositoryURL = "https://github.com/SnapKit/SnapKit.git";
			requirement = {
				kind = upToNextMajorVersion;
				minimumVersion = 5.0.0;
			};
		};
/* End XCRemoteSwiftPackageReference section */

/* Begin XCSwiftPackageProductDependency section */
		E418161727ABA58500CB693A /* Alamofire */ = {
			isa = XCSwiftPackageProductDependency;
			package = E418161627ABA58400CB693A /* XCRemoteSwiftPackageReference "Alamofire" */;
			productName = Alamofire;
		};
		E41ED022279DD5F200A2F0CE /* FirebaseAnalytics */ = {
			isa = XCSwiftPackageProductDependency;
			package = E41ED021279DD5F100A2F0CE /* XCRemoteSwiftPackageReference "firebase-ios-sdk" */;
			productName = FirebaseAnalytics;
		};
		E41ED024279DD5F200A2F0CE /* FirebaseAuth */ = {
			isa = XCSwiftPackageProductDependency;
			package = E41ED021279DD5F100A2F0CE /* XCRemoteSwiftPackageReference "firebase-ios-sdk" */;
			productName = FirebaseAuth;
		};
		E41ED026279DD5F200A2F0CE /* FirebaseMessaging */ = {
			isa = XCSwiftPackageProductDependency;
			package = E41ED021279DD5F100A2F0CE /* XCRemoteSwiftPackageReference "firebase-ios-sdk" */;
			productName = FirebaseMessaging;
		};
		E41ED029279DD77B00A2F0CE /* Toast */ = {
			isa = XCSwiftPackageProductDependency;
			package = E41ED028279DD77A00A2F0CE /* XCRemoteSwiftPackageReference "Toast-Swift" */;
			productName = Toast;
		};
		E459D3CF27B7A0510075A17C /* Tabman */ = {
			isa = XCSwiftPackageProductDependency;
			package = E459D3CE27B7A0510075A17C /* XCRemoteSwiftPackageReference "Tabman" */;
			productName = Tabman;
		};
		E461BFEE27AFFEFF00840173 /* MultiSlider */ = {
			isa = XCSwiftPackageProductDependency;
			package = E461BFED27AFFEFF00840173 /* XCRemoteSwiftPackageReference "MultiSlider" */;
			productName = MultiSlider;
		};
		E49CE70027B67B69005F65AB /* RxKeyboard */ = {
			isa = XCSwiftPackageProductDependency;
			package = E49CE6FF27B67B69005F65AB /* XCRemoteSwiftPackageReference "RxKeyboard" */;
			productName = RxKeyboard;
		};
		E4AF001B27B1859400D8572C /* IQKeyboardManagerSwift */ = {
			isa = XCSwiftPackageProductDependency;
			package = E4AF001A27B1859400D8572C /* XCRemoteSwiftPackageReference "IQKeyboardManager" */;
			productName = IQKeyboardManagerSwift;
		};
		E4C31EAB2796D42700ACE886 /* Then */ = {
			isa = XCSwiftPackageProductDependency;
			package = E4C31EAA2796D42700ACE886 /* XCRemoteSwiftPackageReference "Then" */;
			productName = Then;
		};
		E4C31EB12796D44B00ACE886 /* RxCocoa */ = {
			isa = XCSwiftPackageProductDependency;
			package = E4C31EB02796D44B00ACE886 /* XCRemoteSwiftPackageReference "RxSwift" */;
			productName = RxCocoa;
		};
		E4C31EB32796D44B00ACE886 /* RxSwift */ = {
			isa = XCSwiftPackageProductDependency;
			package = E4C31EB02796D44B00ACE886 /* XCRemoteSwiftPackageReference "RxSwift" */;
			productName = RxSwift;
		};
		E4F2135927B30655004FE47D /* SnapKit */ = {
			isa = XCSwiftPackageProductDependency;
			package = E4F2135827B30655004FE47D /* XCRemoteSwiftPackageReference "SnapKit" */;
			productName = SnapKit;
		};
/* End XCSwiftPackageProductDependency section */
	};
	rootObject = E4C31E8527967B2800ACE886 /* Project object */;
}
